
Microsoft Visual Studio Solution File, Format Version 11.00
# Visual Studio 2010
Project("{8BC9CEB8-8B4A-11D0-8D11-00A0C91BC942}") = "InterestingKitSln", "InterestingKitSln\InterestingKitSln.vcxproj", "{3239F329-BF5F-443D-A3C9-CB66B627BC61}"
EndProject
<<<<<<< HEAD
Project("{8BC9CEB8-8B4A-11D0-8D11-00A0C91BC942}") = "WebKiller", "WebKiller\WebKiller.vcxproj", "{FCDB3246-38AC-44C7-B230-40706CEB4B5D}"
EndProject
=======
>>>>>>> 9213bab82d945ba04ee9dfce15e5faf81c5bd41b
Global
	GlobalSection(SolutionConfigurationPlatforms) = preSolution
		Debug|Win32 = Debug|Win32
		Release|Win32 = Release|Win32
	EndGlobalSection
	GlobalSection(ProjectConfigurationPlatforms) = postSolution
		{3239F329-BF5F-443D-A3C9-CB66B627BC61}.Debug|Win32.ActiveCfg = Debug|Win32
		{3239F329-BF5F-443D-A3C9-CB66B627BC61}.Debug|Win32.Build.0 = Debug|Win32
		{3239F329-BF5F-443D-A3C9-CB66B627BC61}.Release|Win32.ActiveCfg = Release|Win32
		{3239F329-BF5F-443D-A3C9-CB66B627BC61}.Release|Win32.Build.0 = Release|Win32
<<<<<<< HEAD
		{FCDB3246-38AC-44C7-B230-40706CEB4B5D}.Debug|Win32.ActiveCfg = Debug|Win32
		{FCDB3246-38AC-44C7-B230-40706CEB4B5D}.Debug|Win32.Build.0 = Debug|Win32
		{FCDB3246-38AC-44C7-B230-40706CEB4B5D}.Release|Win32.ActiveCfg = Release|Win32
		{FCDB3246-38AC-44C7-B230-40706CEB4B5D}.Release|Win32.Build.0 = Release|Win32
=======
>>>>>>> 9213bab82d945ba04ee9dfce15e5faf81c5bd41b
	EndGlobalSection
	GlobalSection(SolutionProperties) = preSolution
		HideSolutionNode = FALSE
	EndGlobalSection
EndGlobal
