
Microsoft Visual Studio Solution File, Format Version 11.00
# Visual Studio 2010
Project("{FAE04EC0-301F-11D3-BF4B-00C04F79EFBC}") = "SiteKiller", "SiteKiller\SiteKiller.csproj", "{36C8C6F3-2EDC-4B1A-AB3F-ACEF2F302B04}"
EndProject
Project("{FAE04EC0-301F-11D3-BF4B-00C04F79EFBC}") = "WebKiller", "WebKiller\WebKiller.csproj", "{2AFDBB53-6B70-4BF4-9791-2420187D6BAC}"
EndProject
Global
	GlobalSection(SolutionConfigurationPlatforms) = preSolution
		Debug|x86 = Debug|x86
		Release|x86 = Release|x86
	EndGlobalSection
	GlobalSection(ProjectConfigurationPlatforms) = postSolution
		{36C8C6F3-2EDC-4B1A-AB3F-ACEF2F302B04}.Debug|x86.ActiveCfg = Debug|x86
		{36C8C6F3-2EDC-4B1A-AB3F-ACEF2F302B04}.Debug|x86.Build.0 = Debug|x86
		{36C8C6F3-2EDC-4B1A-AB3F-ACEF2F302B04}.Release|x86.ActiveCfg = Release|x86
		{36C8C6F3-2EDC-4B1A-AB3F-ACEF2F302B04}.Release|x86.Build.0 = Release|x86
		{2AFDBB53-6B70-4BF4-9791-2420187D6BAC}.Debug|x86.ActiveCfg = Debug|x86
		{2AFDBB53-6B70-4BF4-9791-2420187D6BAC}.Debug|x86.Build.0 = Debug|x86
		{2AFDBB53-6B70-4BF4-9791-2420187D6BAC}.Release|x86.ActiveCfg = Release|x86
		{2AFDBB53-6B70-4BF4-9791-2420187D6BAC}.Release|x86.Build.0 = Release|x86
	EndGlobalSection
	GlobalSection(SolutionProperties) = preSolution
		HideSolutionNode = FALSE
	EndGlobalSection
EndGlobal
